
Microsoft Visual Studio Solution File, Format Version 12.00
# Visual Studio Version 17
VisualStudioVersion = 17.6.33723.286
MinimumVisualStudioVersion = 10.0.40219.1
Project("{9A19103F-16F7-4668-BE54-9A1E7A4F7556}") = "NetStandard", "NetStandard\NetStandard.csproj", "{35DECDD1-D926-4709-9B41-A21DB30502C7}"
EndProject
Project("{FAE04EC0-301F-11D3-BF4B-00C04F79EFBC}") = "NetFramework", "NetFramework\NetFramework.csproj", "{664E58E0-5F51-416C-AF64-0836F0479B73}"
EndProject
Project("{FAE04EC0-301F-11D3-BF4B-00C04F79EFBC}") = "NetCore", "NetCore\NetCore.csproj", "{EE29DD89-CA98-4A15-BB9F-B996C10BB123}"
EndProject
Global
	GlobalSection(SolutionConfigurationPlatforms) = preSolution
		Debug|Any CPU = Debug|Any CPU
		Release|Any CPU = Release|Any CPU
	EndGlobalSection
	GlobalSection(ProjectConfigurationPlatforms) = postSolution
		{35DECDD1-D926-4709-9B41-A21DB30502C7}.Debug|Any CPU.ActiveCfg = Debug|Any CPU
		{35DECDD1-D926-4709-9B41-A21DB30502C7}.Debug|Any CPU.Build.0 = Debug|Any CPU
		{35DECDD1-D926-4709-9B41-A21DB30502C7}.Release|Any CPU.ActiveCfg = Release|Any CPU
		{35DECDD1-D926-4709-9B41-A21DB30502C7}.Release|Any CPU.Build.0 = Release|Any CPU
		{664E58E0-5F51-416C-AF64-0836F0479B73}.Debug|Any CPU.ActiveCfg = Debug|Any CPU
		{664E58E0-5F51-416C-AF64-0836F0479B73}.Debug|Any CPU.Build.0 = Debug|Any CPU
		{664E58E0-5F51-416C-AF64-0836F0479B73}.Release|Any CPU.ActiveCfg = Release|Any CPU
		{664E58E0-5F51-416C-AF64-0836F0479B73}.Release|Any CPU.Build.0 = Release|Any CPU
		{EE29DD89-CA98-4A15-BB9F-B996C10BB123}.Debug|Any CPU.ActiveCfg = Debug|Any CPU
		{EE29DD89-CA98-4A15-BB9F-B996C10BB123}.Debug|Any CPU.Build.0 = Debug|Any CPU
		{EE29DD89-CA98-4A15-BB9F-B996C10BB123}.Release|Any CPU.ActiveCfg = Release|Any CPU
		{EE29DD89-CA98-4A15-BB9F-B996C10BB123}.Release|Any CPU.Build.0 = Release|Any CPU
	EndGlobalSection
	GlobalSection(SolutionProperties) = preSolution
		HideSolutionNode = FALSE
	EndGlobalSection
	GlobalSection(ExtensibilityGlobals) = postSolution
		SolutionGuid = {34CB96BA-0020-49BE-838B-858B243E6284}
	EndGlobalSection
EndGlobal
